// !$*UTF8*$!
{
	archiveVersion = 1;
	classes = {
	};
	objectVersion = 46;
	objects = {

/* Begin PBXBuildFile section */
		4D4F462214C7F8AB0081E327 /* UIImage+ProportionalFill.m in Sources */ = {isa = PBXBuildFile; fileRef = 4D4F462114C7F8AB0081E327 /* UIImage+ProportionalFill.m */; };
		4D4F462514C805270081E327 /* PhotoViewerViewController.m in Sources */ = {isa = PBXBuildFile; fileRef = 4D4F462414C805270081E327 /* PhotoViewerViewController.m */; };
		4D644D3714C79756005A9D9C /* CarDetailViewController.m in Sources */ = {isa = PBXBuildFile; fileRef = 4D644D3614C79756005A9D9C /* CarDetailViewController.m */; };
		4D6A892514C62326007D6E27 /* Maintenance.m in Sources */ = {isa = PBXBuildFile; fileRef = 4D6A892414C62326007D6E27 /* Maintenance.m */; };
		4DE1244314CE15AD00D207A8 /* TableHeaderShadowArrow.png in Resources */ = {isa = PBXBuildFile; fileRef = 4DE1244114CE15AD00D207A8 /* TableHeaderShadowArrow.png */; };
		4DE1244414CE15AD00D207A8 /* TableHeaderShadowArrow@2x.png in Resources */ = {isa = PBXBuildFile; fileRef = 4DE1244214CE15AD00D207A8 /* TableHeaderShadowArrow@2x.png */; };
		4DE1244714CE1A0200D207A8 /* WhiteDisclosureIndicator.png in Resources */ = {isa = PBXBuildFile; fileRef = 4DE1244514CE1A0200D207A8 /* WhiteDisclosureIndicator.png */; };
		4DE1244814CE1A0200D207A8 /* WhiteDisclosureIndicator@2x.png in Resources */ = {isa = PBXBuildFile; fileRef = 4DE1244614CE1A0200D207A8 /* WhiteDisclosureIndicator@2x.png */; };
		4DFB85B614BBAB6A00771A80 /* UIKit.framework in Frameworks */ = {isa = PBXBuildFile; fileRef = 4DFB85B514BBAB6A00771A80 /* UIKit.framework */; };
		4DFB85B814BBAB6A00771A80 /* Foundation.framework in Frameworks */ = {isa = PBXBuildFile; fileRef = 4DFB85B714BBAB6A00771A80 /* Foundation.framework */; };
		4DFB85BA14BBAB6A00771A80 /* CoreGraphics.framework in Frameworks */ = {isa = PBXBuildFile; fileRef = 4DFB85B914BBAB6A00771A80 /* CoreGraphics.framework */; };
		4DFB85BC14BBAB6A00771A80 /* CoreData.framework in Frameworks */ = {isa = PBXBuildFile; fileRef = 4DFB85BB14BBAB6A00771A80 /* CoreData.framework */; };
		4DFB85C214BBAB6A00771A80 /* InfoPlist.strings in Resources */ = {isa = PBXBuildFile; fileRef = 4DFB85C014BBAB6A00771A80 /* InfoPlist.strings */; };
		4DFB85C414BBAB6A00771A80 /* main.m in Sources */ = {isa = PBXBuildFile; fileRef = 4DFB85C314BBAB6A00771A80 /* main.m */; };
		4DFB85C814BBAB6A00771A80 /* AppDelegate.m in Sources */ = {isa = PBXBuildFile; fileRef = 4DFB85C714BBAB6A00771A80 /* AppDelegate.m */; };
		4DFB85CB14BBAB6A00771A80 /* ServiceLog.xcdatamodeld in Sources */ = {isa = PBXBuildFile; fileRef = 4DFB85C914BBAB6A00771A80 /* ServiceLog.xcdatamodeld */; };
		7B0C0D7114BE64FA000DDBC3 /* AddCarViewController.m in Sources */ = {isa = PBXBuildFile; fileRef = 7B0C0D7014BE64FA000DDBC3 /* AddCarViewController.m */; };
		7B393C4F14C2318F0007523E /* Maintenance+Helpers.m in Sources */ = {isa = PBXBuildFile; fileRef = 7B393C4E14C2318F0007523E /* Maintenance+Helpers.m */; };
		7B393C5314C2327F0007523E /* Car+Helpers.m in Sources */ = {isa = PBXBuildFile; fileRef = 7B393C5214C2327F0007523E /* Car+Helpers.m */; };
		7B3AFB2B14BE988C00900284 /* YearCell.m in Sources */ = {isa = PBXBuildFile; fileRef = 7B3AFB2A14BE988C00900284 /* YearCell.m */; };
		7B55B1A314CE4C5F002FDCC0 /* Car.m in Sources */ = {isa = PBXBuildFile; fileRef = 7B55B1A214CE4C5F002FDCC0 /* Car.m */; };
		7B82621314BCE9D800F79B8A /* Storyboard.storyboard in Resources */ = {isa = PBXBuildFile; fileRef = 7B82621214BCE9D800F79B8A /* Storyboard.storyboard */; };
		7B82621A14BCEE6800F79B8A /* CarsViewController.m in Sources */ = {isa = PBXBuildFile; fileRef = 7B82621814BCEE6800F79B8A /* CarsViewController.m */; };
		7B85B9CF14C36B12009AAB39 /* AddMaintenanceEventViewController.m in Sources */ = {isa = PBXBuildFile; fileRef = 7B85B9CE14C36B12009AAB39 /* AddMaintenanceEventViewController.m */; };
		7B85B9D314C3A90C009AAB39 /* IAEditableLabel.m in Sources */ = {isa = PBXBuildFile; fileRef = 7B85B9D214C3A90C009AAB39 /* IAEditableLabel.m */; };
		7BA073C614C0E618005E85F3 /* MaintenanceLogViewController.m in Sources */ = {isa = PBXBuildFile; fileRef = 7BA073C514C0E618005E85F3 /* MaintenanceLogViewController.m */; };
		7BA073CD14C0F7E9005E85F3 /* 2013-Ford-Escape-Front-Angle3-96x96.jpg in Resources */ = {isa = PBXBuildFile; fileRef = 7BA073CC14C0F7E9005E85F3 /* 2013-Ford-Escape-Front-Angle3-96x96.jpg */; };
		7BA073CF14C0F816005E85F3 /* QuartzCore.framework in Frameworks */ = {isa = PBXBuildFile; fileRef = 7BA073CE14C0F816005E85F3 /* QuartzCore.framework */; };
		7BD5E6AC14C280770002D6ED /* IAActionSheet.m in Sources */ = {isa = PBXBuildFile; fileRef = 7BD5E6AB14C280770002D6ED /* IAActionSheet.m */; };
/* End PBXBuildFile section */

/* Begin PBXFileReference section */
		4D4F462014C7F8AB0081E327 /* UIImage+ProportionalFill.h */ = {isa = PBXFileReference; fileEncoding = 4; lastKnownFileType = sourcecode.c.h; path = "UIImage+ProportionalFill.h"; sourceTree = "<group>"; };
		4D4F462114C7F8AB0081E327 /* UIImage+ProportionalFill.m */ = {isa = PBXFileReference; fileEncoding = 4; lastKnownFileType = sourcecode.c.objc; path = "UIImage+ProportionalFill.m"; sourceTree = "<group>"; };
		4D4F462314C805270081E327 /* PhotoViewerViewController.h */ = {isa = PBXFileReference; fileEncoding = 4; lastKnownFileType = sourcecode.c.h; path = PhotoViewerViewController.h; sourceTree = "<group>"; };
		4D4F462414C805270081E327 /* PhotoViewerViewController.m */ = {isa = PBXFileReference; fileEncoding = 4; lastKnownFileType = sourcecode.c.objc; path = PhotoViewerViewController.m; sourceTree = "<group>"; };
		4D644D3514C79756005A9D9C /* CarDetailViewController.h */ = {isa = PBXFileReference; fileEncoding = 4; lastKnownFileType = sourcecode.c.h; path = CarDetailViewController.h; sourceTree = "<group>"; };
		4D644D3614C79756005A9D9C /* CarDetailViewController.m */ = {isa = PBXFileReference; fileEncoding = 4; lastKnownFileType = sourcecode.c.objc; path = CarDetailViewController.m; sourceTree = "<group>"; };
		4D6A892314C62326007D6E27 /* Maintenance.h */ = {isa = PBXFileReference; fileEncoding = 4; lastKnownFileType = sourcecode.c.h; path = Maintenance.h; sourceTree = "<group>"; };
		4D6A892414C62326007D6E27 /* Maintenance.m */ = {isa = PBXFileReference; fileEncoding = 4; lastKnownFileType = sourcecode.c.objc; path = Maintenance.m; sourceTree = "<group>"; };
		4DE1244114CE15AD00D207A8 /* TableHeaderShadowArrow.png */ = {isa = PBXFileReference; lastKnownFileType = image.png; path = TableHeaderShadowArrow.png; sourceTree = "<group>"; };
		4DE1244214CE15AD00D207A8 /* TableHeaderShadowArrow@2x.png */ = {isa = PBXFileReference; lastKnownFileType = image.png; path = "TableHeaderShadowArrow@2x.png"; sourceTree = "<group>"; };
		4DE1244514CE1A0200D207A8 /* WhiteDisclosureIndicator.png */ = {isa = PBXFileReference; lastKnownFileType = image.png; path = WhiteDisclosureIndicator.png; sourceTree = "<group>"; };
		4DE1244614CE1A0200D207A8 /* WhiteDisclosureIndicator@2x.png */ = {isa = PBXFileReference; lastKnownFileType = image.png; path = "WhiteDisclosureIndicator@2x.png"; sourceTree = "<group>"; };
		4DFB85B114BBAB6A00771A80 /* ServiceLog.app */ = {isa = PBXFileReference; explicitFileType = wrapper.application; includeInIndex = 0; path = ServiceLog.app; sourceTree = BUILT_PRODUCTS_DIR; };
		4DFB85B514BBAB6A00771A80 /* UIKit.framework */ = {isa = PBXFileReference; lastKnownFileType = wrapper.framework; name = UIKit.framework; path = System/Library/Frameworks/UIKit.framework; sourceTree = SDKROOT; };
		4DFB85B714BBAB6A00771A80 /* Foundation.framework */ = {isa = PBXFileReference; lastKnownFileType = wrapper.framework; name = Foundation.framework; path = System/Library/Frameworks/Foundation.framework; sourceTree = SDKROOT; };
		4DFB85B914BBAB6A00771A80 /* CoreGraphics.framework */ = {isa = PBXFileReference; lastKnownFileType = wrapper.framework; name = CoreGraphics.framework; path = System/Library/Frameworks/CoreGraphics.framework; sourceTree = SDKROOT; };
		4DFB85BB14BBAB6A00771A80 /* CoreData.framework */ = {isa = PBXFileReference; lastKnownFileType = wrapper.framework; name = CoreData.framework; path = System/Library/Frameworks/CoreData.framework; sourceTree = SDKROOT; };
		4DFB85BF14BBAB6A00771A80 /* Info.plist */ = {isa = PBXFileReference; lastKnownFileType = text.plist.xml; path = Info.plist; sourceTree = "<group>"; };
		4DFB85C114BBAB6A00771A80 /* en */ = {isa = PBXFileReference; lastKnownFileType = text.plist.strings; name = en; path = en.lproj/InfoPlist.strings; sourceTree = "<group>"; };
		4DFB85C314BBAB6A00771A80 /* main.m */ = {isa = PBXFileReference; lastKnownFileType = sourcecode.c.objc; path = main.m; sourceTree = "<group>"; };
		4DFB85C514BBAB6A00771A80 /* Prefix.pch */ = {isa = PBXFileReference; lastKnownFileType = sourcecode.c.h; path = Prefix.pch; sourceTree = "<group>"; };
		4DFB85C614BBAB6A00771A80 /* AppDelegate.h */ = {isa = PBXFileReference; lastKnownFileType = sourcecode.c.h; path = AppDelegate.h; sourceTree = "<group>"; };
		4DFB85C714BBAB6A00771A80 /* AppDelegate.m */ = {isa = PBXFileReference; lastKnownFileType = sourcecode.c.objc; path = AppDelegate.m; sourceTree = "<group>"; };
		4DFB85CA14BBAB6A00771A80 /* ServiceLog.xcdatamodel */ = {isa = PBXFileReference; lastKnownFileType = wrapper.xcdatamodel; path = ServiceLog.xcdatamodel; sourceTree = "<group>"; };
		7B0C0D6F14BE64FA000DDBC3 /* AddCarViewController.h */ = {isa = PBXFileReference; fileEncoding = 4; lastKnownFileType = sourcecode.c.h; path = AddCarViewController.h; sourceTree = "<group>"; };
		7B0C0D7014BE64FA000DDBC3 /* AddCarViewController.m */ = {isa = PBXFileReference; fileEncoding = 4; lastKnownFileType = sourcecode.c.objc; path = AddCarViewController.m; sourceTree = "<group>"; };
		7B393C4D14C2318F0007523E /* Maintenance+Helpers.h */ = {isa = PBXFileReference; fileEncoding = 4; lastKnownFileType = sourcecode.c.h; path = "Maintenance+Helpers.h"; sourceTree = "<group>"; };
		7B393C4E14C2318F0007523E /* Maintenance+Helpers.m */ = {isa = PBXFileReference; fileEncoding = 4; lastKnownFileType = sourcecode.c.objc; path = "Maintenance+Helpers.m"; sourceTree = "<group>"; };
		7B393C5114C2327F0007523E /* Car+Helpers.h */ = {isa = PBXFileReference; fileEncoding = 4; lastKnownFileType = sourcecode.c.h; path = "Car+Helpers.h"; sourceTree = "<group>"; };
		7B393C5214C2327F0007523E /* Car+Helpers.m */ = {isa = PBXFileReference; fileEncoding = 4; lastKnownFileType = sourcecode.c.objc; path = "Car+Helpers.m"; sourceTree = "<group>"; };
		7B3AFB2914BE988C00900284 /* YearCell.h */ = {isa = PBXFileReference; fileEncoding = 4; lastKnownFileType = sourcecode.c.h; path = YearCell.h; sourceTree = "<group>"; };
		7B3AFB2A14BE988C00900284 /* YearCell.m */ = {isa = PBXFileReference; fileEncoding = 4; lastKnownFileType = sourcecode.c.objc; path = YearCell.m; sourceTree = "<group>"; };
		7B55B1A114CE4C5F002FDCC0 /* Car.h */ = {isa = PBXFileReference; fileEncoding = 4; lastKnownFileType = sourcecode.c.h; path = Car.h; sourceTree = "<group>"; };
		7B55B1A214CE4C5F002FDCC0 /* Car.m */ = {isa = PBXFileReference; fileEncoding = 4; lastKnownFileType = sourcecode.c.objc; path = Car.m; sourceTree = "<group>"; };
		7B82621214BCE9D800F79B8A /* Storyboard.storyboard */ = {isa = PBXFileReference; fileEncoding = 4; lastKnownFileType = file.storyboard; path = Storyboard.storyboard; sourceTree = "<group>"; };
		7B82621714BCEE6800F79B8A /* CarsViewController.h */ = {isa = PBXFileReference; fileEncoding = 4; lastKnownFileType = sourcecode.c.h; path = CarsViewController.h; sourceTree = "<group>"; };
		7B82621814BCEE6800F79B8A /* CarsViewController.m */ = {isa = PBXFileReference; fileEncoding = 4; lastKnownFileType = sourcecode.c.objc; path = CarsViewController.m; sourceTree = "<group>"; };
		7B85B9CD14C36B12009AAB39 /* AddMaintenanceEventViewController.h */ = {isa = PBXFileReference; fileEncoding = 4; lastKnownFileType = sourcecode.c.h; path = AddMaintenanceEventViewController.h; sourceTree = "<group>"; };
		7B85B9CE14C36B12009AAB39 /* AddMaintenanceEventViewController.m */ = {isa = PBXFileReference; fileEncoding = 4; lastKnownFileType = sourcecode.c.objc; path = AddMaintenanceEventViewController.m; sourceTree = "<group>"; };
		7B85B9D114C3A90C009AAB39 /* IAEditableLabel.h */ = {isa = PBXFileReference; fileEncoding = 4; lastKnownFileType = sourcecode.c.h; path = IAEditableLabel.h; sourceTree = "<group>"; };
		7B85B9D214C3A90C009AAB39 /* IAEditableLabel.m */ = {isa = PBXFileReference; fileEncoding = 4; lastKnownFileType = sourcecode.c.objc; path = IAEditableLabel.m; sourceTree = "<group>"; };
		7BA073C414C0E618005E85F3 /* MaintenanceLogViewController.h */ = {isa = PBXFileReference; fileEncoding = 4; lastKnownFileType = sourcecode.c.h; path = MaintenanceLogViewController.h; sourceTree = "<group>"; };
		7BA073C514C0E618005E85F3 /* MaintenanceLogViewController.m */ = {isa = PBXFileReference; fileEncoding = 4; lastKnownFileType = sourcecode.c.objc; path = MaintenanceLogViewController.m; sourceTree = "<group>"; };
		7BA073CC14C0F7E9005E85F3 /* 2013-Ford-Escape-Front-Angle3-96x96.jpg */ = {isa = PBXFileReference; lastKnownFileType = image.jpeg; path = "2013-Ford-Escape-Front-Angle3-96x96.jpg"; sourceTree = "<group>"; };
		7BA073CE14C0F816005E85F3 /* QuartzCore.framework */ = {isa = PBXFileReference; lastKnownFileType = wrapper.framework; name = QuartzCore.framework; path = System/Library/Frameworks/QuartzCore.framework; sourceTree = SDKROOT; };
		7BD5E6AA14C280770002D6ED /* IAActionSheet.h */ = {isa = PBXFileReference; fileEncoding = 4; lastKnownFileType = sourcecode.c.h; path = IAActionSheet.h; sourceTree = "<group>"; };
		7BD5E6AB14C280770002D6ED /* IAActionSheet.m */ = {isa = PBXFileReference; fileEncoding = 4; lastKnownFileType = sourcecode.c.objc; path = IAActionSheet.m; sourceTree = "<group>"; };
/* End PBXFileReference section */

/* Begin PBXFrameworksBuildPhase section */
		4DFB85AE14BBAB6A00771A80 /* Frameworks */ = {
			isa = PBXFrameworksBuildPhase;
			buildActionMask = 2147483647;
			files = (
				7BA073CF14C0F816005E85F3 /* QuartzCore.framework in Frameworks */,
				4DFB85B614BBAB6A00771A80 /* UIKit.framework in Frameworks */,
				4DFB85B814BBAB6A00771A80 /* Foundation.framework in Frameworks */,
				4DFB85BA14BBAB6A00771A80 /* CoreGraphics.framework in Frameworks */,
				4DFB85BC14BBAB6A00771A80 /* CoreData.framework in Frameworks */,
			);
			runOnlyForDeploymentPostprocessing = 0;
		};
/* End PBXFrameworksBuildPhase section */

/* Begin PBXGroup section */
		4D4F461F14C7F8A00081E327 /* Categories */ = {
			isa = PBXGroup;
			children = (
				4D4F462014C7F8AB0081E327 /* UIImage+ProportionalFill.h */,
				4D4F462114C7F8AB0081E327 /* UIImage+ProportionalFill.m */,
			);
			name = Categories;
			sourceTree = "<group>";
		};
		4DFB85A614BBAB6A00771A80 = {
			isa = PBXGroup;
			children = (
				4DFB85BD14BBAB6A00771A80 /* ServiceLog */,
				4DFB85B414BBAB6A00771A80 /* Frameworks */,
				4DFB85B214BBAB6A00771A80 /* Products */,
			);
			sourceTree = "<group>";
		};
		4DFB85B214BBAB6A00771A80 /* Products */ = {
			isa = PBXGroup;
			children = (
				4DFB85B114BBAB6A00771A80 /* ServiceLog.app */,
			);
			name = Products;
			sourceTree = "<group>";
		};
		4DFB85B414BBAB6A00771A80 /* Frameworks */ = {
			isa = PBXGroup;
			children = (
				7BA073CE14C0F816005E85F3 /* QuartzCore.framework */,
				4DFB85B514BBAB6A00771A80 /* UIKit.framework */,
				4DFB85B714BBAB6A00771A80 /* Foundation.framework */,
				4DFB85B914BBAB6A00771A80 /* CoreGraphics.framework */,
				4DFB85BB14BBAB6A00771A80 /* CoreData.framework */,
			);
			name = Frameworks;
			sourceTree = "<group>";
		};
		4DFB85BD14BBAB6A00771A80 /* ServiceLog */ = {
			isa = PBXGroup;
			children = (
				4D4F461F14C7F8A00081E327 /* Categories */,
				7BA073CB14C0F7CF005E85F3 /* Images */,
				7B82621614BCEE3700F79B8A /* Views */,
				7B82621514BCEE3000F79B8A /* Models */,
				7B82621414BCEE2600F79B8A /* Controllers */,
				4DFB85BE14BBAB6A00771A80 /* Supporting Files */,
			);
			path = ServiceLog;
			sourceTree = "<group>";
		};
		4DFB85BE14BBAB6A00771A80 /* Supporting Files */ = {
			isa = PBXGroup;
			children = (
				4DFB85BF14BBAB6A00771A80 /* Info.plist */,
				4DFB85C014BBAB6A00771A80 /* InfoPlist.strings */,
				4DFB85C314BBAB6A00771A80 /* main.m */,
				4DFB85C514BBAB6A00771A80 /* Prefix.pch */,
			);
			name = "Supporting Files";
			sourceTree = "<group>";
		};
		7B82621414BCEE2600F79B8A /* Controllers */ = {
			isa = PBXGroup;
			children = (
				4DFB85C614BBAB6A00771A80 /* AppDelegate.h */,
				4DFB85C714BBAB6A00771A80 /* AppDelegate.m */,
				7B82621714BCEE6800F79B8A /* CarsViewController.h */,
				7B82621814BCEE6800F79B8A /* CarsViewController.m */,
				7B0C0D6F14BE64FA000DDBC3 /* AddCarViewController.h */,
				7B0C0D7014BE64FA000DDBC3 /* AddCarViewController.m */,
				7BA073C414C0E618005E85F3 /* MaintenanceLogViewController.h */,
				7BA073C514C0E618005E85F3 /* MaintenanceLogViewController.m */,
				7B85B9CD14C36B12009AAB39 /* AddMaintenanceEventViewController.h */,
				7B85B9CE14C36B12009AAB39 /* AddMaintenanceEventViewController.m */,
				4D644D3514C79756005A9D9C /* CarDetailViewController.h */,
				4D644D3614C79756005A9D9C /* CarDetailViewController.m */,
				4D4F462314C805270081E327 /* PhotoViewerViewController.h */,
				4D4F462414C805270081E327 /* PhotoViewerViewController.m */,
			);
			name = Controllers;
			sourceTree = "<group>";
		};
		7B82621514BCEE3000F79B8A /* Models */ = {
			isa = PBXGroup;
			children = (
				4D6A892314C62326007D6E27 /* Maintenance.h */,
				4D6A892414C62326007D6E27 /* Maintenance.m */,
				4DFB85C914BBAB6A00771A80 /* ServiceLog.xcdatamodeld */,
				7B55B1A114CE4C5F002FDCC0 /* Car.h */,
				7B55B1A214CE4C5F002FDCC0 /* Car.m */,
				7B393C4D14C2318F0007523E /* Maintenance+Helpers.h */,
				7B393C4E14C2318F0007523E /* Maintenance+Helpers.m */,
				7B393C5114C2327F0007523E /* Car+Helpers.h */,
				7B393C5214C2327F0007523E /* Car+Helpers.m */,
			);
			name = Models;
			sourceTree = "<group>";
		};
		7B82621614BCEE3700F79B8A /* Views */ = {
			isa = PBXGroup;
			children = (
				7B82621214BCE9D800F79B8A /* Storyboard.storyboard */,
				7B3AFB2914BE988C00900284 /* YearCell.h */,
				7B3AFB2A14BE988C00900284 /* YearCell.m */,
				7BD5E6AA14C280770002D6ED /* IAActionSheet.h */,
				7BD5E6AB14C280770002D6ED /* IAActionSheet.m */,
				7B85B9D114C3A90C009AAB39 /* IAEditableLabel.h */,
				7B85B9D214C3A90C009AAB39 /* IAEditableLabel.m */,
			);
			name = Views;
			sourceTree = "<group>";
		};
		7BA073CB14C0F7CF005E85F3 /* Images */ = {
			isa = PBXGroup;
			children = (
				4DE1244514CE1A0200D207A8 /* WhiteDisclosureIndicator.png */,
				4DE1244614CE1A0200D207A8 /* WhiteDisclosureIndicator@2x.png */,
				4DE1244114CE15AD00D207A8 /* TableHeaderShadowArrow.png */,
				4DE1244214CE15AD00D207A8 /* TableHeaderShadowArrow@2x.png */,
				7BA073CC14C0F7E9005E85F3 /* 2013-Ford-Escape-Front-Angle3-96x96.jpg */,
			);
			name = Images;
			sourceTree = "<group>";
		};
/* End PBXGroup section */

/* Begin PBXNativeTarget section */
		4DFB85B014BBAB6A00771A80 /* ServiceLog */ = {
			isa = PBXNativeTarget;
			buildConfigurationList = 4DFB85CE14BBAB6A00771A80 /* Build configuration list for PBXNativeTarget "ServiceLog" */;
			buildPhases = (
				4DFB85AD14BBAB6A00771A80 /* Sources */,
				4DFB85AE14BBAB6A00771A80 /* Frameworks */,
				4DFB85AF14BBAB6A00771A80 /* Resources */,
			);
			buildRules = (
			);
			dependencies = (
			);
			name = ServiceLog;
			productName = ServiceLog;
			productReference = 4DFB85B114BBAB6A00771A80 /* ServiceLog.app */;
			productType = "com.apple.product-type.application";
		};
/* End PBXNativeTarget section */

/* Begin PBXProject section */
		4DFB85A814BBAB6A00771A80 /* Project object */ = {
			isa = PBXProject;
			attributes = {
				LastUpgradeCheck = 0420;
				ORGANIZATIONNAME = "Interstellar Apps";
			};
			buildConfigurationList = 4DFB85AB14BBAB6A00771A80 /* Build configuration list for PBXProject "ServiceLog" */;
			compatibilityVersion = "Xcode 3.2";
			developmentRegion = English;
			hasScannedForEncodings = 0;
			knownRegions = (
				en,
			);
			mainGroup = 4DFB85A614BBAB6A00771A80;
			productRefGroup = 4DFB85B214BBAB6A00771A80 /* Products */;
			projectDirPath = "";
			projectRoot = "";
			targets = (
				4DFB85B014BBAB6A00771A80 /* ServiceLog */,
			);
		};
/* End PBXProject section */

/* Begin PBXResourcesBuildPhase section */
		4DFB85AF14BBAB6A00771A80 /* Resources */ = {
			isa = PBXResourcesBuildPhase;
			buildActionMask = 2147483647;
			files = (
				4DFB85C214BBAB6A00771A80 /* InfoPlist.strings in Resources */,
				7B82621314BCE9D800F79B8A /* Storyboard.storyboard in Resources */,
				7BA073CD14C0F7E9005E85F3 /* 2013-Ford-Escape-Front-Angle3-96x96.jpg in Resources */,
				4DE1244314CE15AD00D207A8 /* TableHeaderShadowArrow.png in Resources */,
				4DE1244414CE15AD00D207A8 /* TableHeaderShadowArrow@2x.png in Resources */,
				4DE1244714CE1A0200D207A8 /* WhiteDisclosureIndicator.png in Resources */,
				4DE1244814CE1A0200D207A8 /* WhiteDisclosureIndicator@2x.png in Resources */,
			);
			runOnlyForDeploymentPostprocessing = 0;
		};
/* End PBXResourcesBuildPhase section */

/* Begin PBXSourcesBuildPhase section */
		4DFB85AD14BBAB6A00771A80 /* Sources */ = {
			isa = PBXSourcesBuildPhase;
			buildActionMask = 2147483647;
			files = (
				4DFB85C414BBAB6A00771A80 /* main.m in Sources */,
				4DFB85C814BBAB6A00771A80 /* AppDelegate.m in Sources */,
				4DFB85CB14BBAB6A00771A80 /* ServiceLog.xcdatamodeld in Sources */,
				7B82621A14BCEE6800F79B8A /* CarsViewController.m in Sources */,
				7B0C0D7114BE64FA000DDBC3 /* AddCarViewController.m in Sources */,
				7B3AFB2B14BE988C00900284 /* YearCell.m in Sources */,
				7BA073C614C0E618005E85F3 /* MaintenanceLogViewController.m in Sources */,
				7B393C4F14C2318F0007523E /* Maintenance+Helpers.m in Sources */,
				7B393C5314C2327F0007523E /* Car+Helpers.m in Sources */,
				7BD5E6AC14C280770002D6ED /* IAActionSheet.m in Sources */,
				7B85B9CF14C36B12009AAB39 /* AddMaintenanceEventViewController.m in Sources */,
				7B85B9D314C3A90C009AAB39 /* IAEditableLabel.m in Sources */,
				4D6A892514C62326007D6E27 /* Maintenance.m in Sources */,
				4D644D3714C79756005A9D9C /* CarDetailViewController.m in Sources */,
				4D4F462214C7F8AB0081E327 /* UIImage+ProportionalFill.m in Sources */,
				4D4F462514C805270081E327 /* PhotoViewerViewController.m in Sources */,
				7B55B1A314CE4C5F002FDCC0 /* Car.m in Sources */,
			);
			runOnlyForDeploymentPostprocessing = 0;
		};
/* End PBXSourcesBuildPhase section */

/* Begin PBXVariantGroup section */
		4DFB85C014BBAB6A00771A80 /* InfoPlist.strings */ = {
			isa = PBXVariantGroup;
			children = (
				4DFB85C114BBAB6A00771A80 /* en */,
			);
			name = InfoPlist.strings;
			sourceTree = "<group>";
		};
/* End PBXVariantGroup section */

/* Begin XCBuildConfiguration section */
		4DFB85CC14BBAB6A00771A80 /* Debug */ = {
			isa = XCBuildConfiguration;
			buildSettings = {
				ALWAYS_SEARCH_USER_PATHS = NO;
				ARCHS = "$(ARCHS_STANDARD_32_BIT)";
				CLANG_ENABLE_OBJC_ARC = YES;
				"CODE_SIGN_IDENTITY[sdk=iphoneos*]" = "iPhone Developer";
				COPY_PHASE_STRIP = NO;
				GCC_C_LANGUAGE_STANDARD = gnu99;
				GCC_DYNAMIC_NO_PIC = NO;
				GCC_OPTIMIZATION_LEVEL = 0;
				GCC_PREPROCESSOR_DEFINITIONS = (
					"DEBUG=1",
					"$(inherited)",
				);
				GCC_SYMBOLS_PRIVATE_EXTERN = NO;
				GCC_VERSION = com.apple.compilers.llvm.clang.1_0;
				GCC_WARN_ABOUT_MISSING_PROTOTYPES = YES;
				GCC_WARN_ABOUT_RETURN_TYPE = YES;
				GCC_WARN_UNUSED_VARIABLE = YES;
				IPHONEOS_DEPLOYMENT_TARGET = 5.0;
				SDKROOT = iphoneos;
			};
			name = Debug;
		};
		4DFB85CD14BBAB6A00771A80 /* Release */ = {
			isa = XCBuildConfiguration;
			buildSettings = {
				ALWAYS_SEARCH_USER_PATHS = NO;
				ARCHS = "$(ARCHS_STANDARD_32_BIT)";
				CLANG_ENABLE_OBJC_ARC = YES;
				"CODE_SIGN_IDENTITY[sdk=iphoneos*]" = "iPhone Developer";
				COPY_PHASE_STRIP = YES;
				GCC_C_LANGUAGE_STANDARD = gnu99;
				GCC_VERSION = com.apple.compilers.llvm.clang.1_0;
				GCC_WARN_ABOUT_MISSING_PROTOTYPES = YES;
				GCC_WARN_ABOUT_RETURN_TYPE = YES;
				GCC_WARN_UNUSED_VARIABLE = YES;
				IPHONEOS_DEPLOYMENT_TARGET = 5.0;
				OTHER_CFLAGS = "-DNS_BLOCK_ASSERTIONS=1";
				SDKROOT = iphoneos;
				VALIDATE_PRODUCT = YES;
			};
			name = Release;
		};
		4DFB85CF14BBAB6A00771A80 /* Debug */ = {
			isa = XCBuildConfiguration;
			buildSettings = {
				GCC_PRECOMPILE_PREFIX_HEADER = YES;
				GCC_PREFIX_HEADER = ServiceLog/Prefix.pch;
				INFOPLIST_FILE = ServiceLog/Info.plist;
				PRODUCT_NAME = "$(TARGET_NAME)";
				TARGETED_DEVICE_FAMILY = 1;
				WRAPPER_EXTENSION = app;
			};
			name = Debug;
		};
		4DFB85D014BBAB6A00771A80 /* Release */ = {
			isa = XCBuildConfiguration;
			buildSettings = {
				GCC_PRECOMPILE_PREFIX_HEADER = YES;
				GCC_PREFIX_HEADER = ServiceLog/Prefix.pch;
				INFOPLIST_FILE = ServiceLog/Info.plist;
				PRODUCT_NAME = "$(TARGET_NAME)";
				TARGETED_DEVICE_FAMILY = 1;
				WRAPPER_EXTENSION = app;
			};
			name = Release;
		};
/* End XCBuildConfiguration section */

/* Begin XCConfigurationList section */
		4DFB85AB14BBAB6A00771A80 /* Build configuration list for PBXProject "ServiceLog" */ = {
			isa = XCConfigurationList;
			buildConfigurations = (
				4DFB85CC14BBAB6A00771A80 /* Debug */,
				4DFB85CD14BBAB6A00771A80 /* Release */,
			);
			defaultConfigurationIsVisible = 0;
			defaultConfigurationName = Release;
		};
		4DFB85CE14BBAB6A00771A80 /* Build configuration list for PBXNativeTarget "ServiceLog" */ = {
			isa = XCConfigurationList;
			buildConfigurations = (
				4DFB85CF14BBAB6A00771A80 /* Debug */,
				4DFB85D014BBAB6A00771A80 /* Release */,
			);
			defaultConfigurationIsVisible = 0;
			defaultConfigurationName = Release;
		};
/* End XCConfigurationList section */

/* Begin XCVersionGroup section */
		4DFB85C914BBAB6A00771A80 /* ServiceLog.xcdatamodeld */ = {
			isa = XCVersionGroup;
			children = (
				4DFB85CA14BBAB6A00771A80 /* ServiceLog.xcdatamodel */,
			);
			currentVersion = 4DFB85CA14BBAB6A00771A80 /* ServiceLog.xcdatamodel */;
			path = ServiceLog.xcdatamodeld;
			sourceTree = "<group>";
			versionGroupType = wrapper.xcdatamodel;
		};
/* End XCVersionGroup section */
	};
	rootObject = 4DFB85A814BBAB6A00771A80 /* Project object */;
}
